
Microsoft Visual Studio Solution File, Format Version 12.00
# Visual Studio 15
VisualStudioVersion = 15.0.27703.2035
MinimumVisualStudioVersion = 10.0.40219.1
Project("{FAE04EC0-301F-11D3-BF4B-00C04F79EFBC}") = "RebTel.API", "RebTel.API\RebTel.API.csproj", "{0854A5E4-F451-4D20-A523-A13D631F5A81}"
EndProject
Project("{FAE04EC0-301F-11D3-BF4B-00C04F79EFBC}") = "RebTel.WCF", "RebTel.WCF\RebTel.WCF.csproj", "{7579923F-3474-41DC-AFE6-0AE8295BEDB0}"
EndProject
Global
	GlobalSection(SolutionConfigurationPlatforms) = preSolution
		Debug|Any CPU = Debug|Any CPU
		Release|Any CPU = Release|Any CPU
	EndGlobalSection
	GlobalSection(ProjectConfigurationPlatforms) = postSolution
		{0854A5E4-F451-4D20-A523-A13D631F5A81}.Debug|Any CPU.ActiveCfg = Debug|Any CPU
		{0854A5E4-F451-4D20-A523-A13D631F5A81}.Debug|Any CPU.Build.0 = Debug|Any CPU
		{0854A5E4-F451-4D20-A523-A13D631F5A81}.Release|Any CPU.ActiveCfg = Release|Any CPU
		{0854A5E4-F451-4D20-A523-A13D631F5A81}.Release|Any CPU.Build.0 = Release|Any CPU
		{7579923F-3474-41DC-AFE6-0AE8295BEDB0}.Debug|Any CPU.ActiveCfg = Debug|Any CPU
		{7579923F-3474-41DC-AFE6-0AE8295BEDB0}.Debug|Any CPU.Build.0 = Debug|Any CPU
		{7579923F-3474-41DC-AFE6-0AE8295BEDB0}.Release|Any CPU.ActiveCfg = Release|Any CPU
		{7579923F-3474-41DC-AFE6-0AE8295BEDB0}.Release|Any CPU.Build.0 = Release|Any CPU
	EndGlobalSection
	GlobalSection(SolutionProperties) = preSolution
		HideSolutionNode = FALSE
	EndGlobalSection
	GlobalSection(ExtensibilityGlobals) = postSolution
		SolutionGuid = {D4333EAC-CB7A-4793-8D06-07FB042FAC9E}
	EndGlobalSection
EndGlobal
